// !$*UTF8*$!
{
	archiveVersion = 1;
	classes = {
	};
	objectVersion = 50;
	objects = {

/* Begin PBXBuildFile section */
		6069CBB72662332F009E522D /* TodoyApp.swift in Sources */ = {isa = PBXBuildFile; fileRef = 6069CBB62662332F009E522D /* TodoyApp.swift */; };
		6069CBB92662332F009E522D /* ContentView.swift in Sources */ = {isa = PBXBuildFile; fileRef = 6069CBB82662332F009E522D /* ContentView.swift */; };
		6069CBBB26623330009E522D /* Assets.xcassets in Resources */ = {isa = PBXBuildFile; fileRef = 6069CBBA26623330009E522D /* Assets.xcassets */; };
		6069CBBE26623330009E522D /* Preview Assets.xcassets in Resources */ = {isa = PBXBuildFile; fileRef = 6069CBBD26623330009E522D /* Preview Assets.xcassets */; };
		6069CBC026623330009E522D /* Persistence.swift in Sources */ = {isa = PBXBuildFile; fileRef = 6069CBBF26623330009E522D /* Persistence.swift */; };
		6069CBC326623330009E522D /* Todoy.xcdatamodeld in Sources */ = {isa = PBXBuildFile; fileRef = 6069CBC126623330009E522D /* Todoy.xcdatamodeld */; };
/* End PBXBuildFile section */

/* Begin PBXFileReference section */
		6069CBB32662332F009E522D /* Todoy.app */ = {isa = PBXFileReference; explicitFileType = wrapper.application; includeInIndex = 0; path = Todoy.app; sourceTree = BUILT_PRODUCTS_DIR; };
		6069CBB62662332F009E522D /* TodoyApp.swift */ = {isa = PBXFileReference; lastKnownFileType = sourcecode.swift; path = TodoyApp.swift; sourceTree = "<group>"; };
		6069CBB82662332F009E522D /* ContentView.swift */ = {isa = PBXFileReference; lastKnownFileType = sourcecode.swift; path = ContentView.swift; sourceTree = "<group>"; };
		6069CBBA26623330009E522D /* Assets.xcassets */ = {isa = PBXFileReference; lastKnownFileType = folder.assetcatalog; path = Assets.xcassets; sourceTree = "<group>"; };
		6069CBBD26623330009E522D /* Preview Assets.xcassets */ = {isa = PBXFileReference; lastKnownFileType = folder.assetcatalog; path = "Preview Assets.xcassets"; sourceTree = "<group>"; };
		6069CBBF26623330009E522D /* Persistence.swift */ = {isa = PBXFileReference; lastKnownFileType = sourcecode.swift; path = Persistence.swift; sourceTree = "<group>"; };
		6069CBC226623330009E522D /* Todoy.xcdatamodel */ = {isa = PBXFileReference; lastKnownFileType = wrapper.xcdatamodel; path = Todoy.xcdatamodel; sourceTree = "<group>"; };
		6069CBC426623330009E522D /* Info.plist */ = {isa = PBXFileReference; lastKnownFileType = text.plist.xml; path = Info.plist; sourceTree = "<group>"; };
		6069CBCA266233BE009E522D /* Todoy.entitlements */ = {isa = PBXFileReference; lastKnownFileType = text.plist.entitlements; path = Todoy.entitlements; sourceTree = "<group>"; };
/* End PBXFileReference section */

/* Begin PBXFrameworksBuildPhase section */
		6069CBB02662332F009E522D /* Frameworks */ = {
			isa = PBXFrameworksBuildPhase;
			buildActionMask = 2147483647;
			files = (
			);
			runOnlyForDeploymentPostprocessing = 0;
		};
/* End PBXFrameworksBuildPhase section */

/* Begin PBXGroup section */
		6069CBAA2662332F009E522D = {
			isa = PBXGroup;
			children = (
				6069CBB52662332F009E522D /* Todoy */,
				6069CBB42662332F009E522D /* Products */,
			);
			sourceTree = "<group>";
		};
		6069CBB42662332F009E522D /* Products */ = {
			isa = PBXGroup;
			children = (
				6069CBB32662332F009E522D /* Todoy.app */,
			);
			name = Products;
			sourceTree = "<group>";
		};
		6069CBB52662332F009E522D /* Todoy */ = {
			isa = PBXGroup;
			children = (
				6069CBCA266233BE009E522D /* Todoy.entitlements */,
				6069CBB62662332F009E522D /* TodoyApp.swift */,
				6069CBB82662332F009E522D /* ContentView.swift */,
				6069CBBF26623330009E522D /* Persistence.swift */,
				6069CBC126623330009E522D /* Todoy.xcdatamodeld */,
				6069CBBA26623330009E522D /* Assets.xcassets */,
				6069CBC426623330009E522D /* Info.plist */,
				6069CBBC26623330009E522D /* Preview Content */,
			);
			path = Todoy;
			sourceTree = "<group>";
		};
		6069CBBC26623330009E522D /* Preview Content */ = {
			isa = PBXGroup;
			children = (
				6069CBBD26623330009E522D /* Preview Assets.xcassets */,
			);
			path = "Preview Content";
			sourceTree = "<group>";
		};
/* End PBXGroup section */

/* Begin PBXNativeTarget section */
		6069CBB22662332F009E522D /* Todoy */ = {
			isa = PBXNativeTarget;
			buildConfigurationList = 6069CBC726623330009E522D /* Build configuration list for PBXNativeTarget "Todoy" */;
			buildPhases = (
				6069CBAF2662332F009E522D /* Sources */,
				6069CBB02662332F009E522D /* Frameworks */,
				6069CBB12662332F009E522D /* Resources */,
			);
			buildRules = (
			);
			dependencies = (
			);
			name = Todoy;
			productName = Todoy;
			productReference = 6069CBB32662332F009E522D /* Todoy.app */;
			productType = "com.apple.product-type.application";
		};
/* End PBXNativeTarget section */

/* Begin PBXProject section */
		6069CBAB2662332F009E522D /* Project object */ = {
			isa = PBXProject;
			attributes = {
				LastSwiftUpdateCheck = 1250;
				LastUpgradeCheck = 1250;
				TargetAttributes = {
					6069CBB22662332F009E522D = {
						CreatedOnToolsVersion = 12.5;
					};
				};
			};
			buildConfigurationList = 6069CBAE2662332F009E522D /* Build configuration list for PBXProject "Todoy" */;
			compatibilityVersion = "Xcode 9.3";
			developmentRegion = en;
			hasScannedForEncodings = 0;
			knownRegions = (
				en,
				Base,
			);
			mainGroup = 6069CBAA2662332F009E522D;
			productRefGroup = 6069CBB42662332F009E522D /* Products */;
			projectDirPath = "";
			projectRoot = "";
			targets = (
				6069CBB22662332F009E522D /* Todoy */,
			);
		};
/* End PBXProject section */

/* Begin PBXResourcesBuildPhase section */
		6069CBB12662332F009E522D /* Resources */ = {
			isa = PBXResourcesBuildPhase;
			buildActionMask = 2147483647;
			files = (
				6069CBBE26623330009E522D /* Preview Assets.xcassets in Resources */,
				6069CBBB26623330009E522D /* Assets.xcassets in Resources */,
			);
			runOnlyForDeploymentPostprocessing = 0;
		};
/* End PBXResourcesBuildPhase section */

/* Begin PBXSourcesBuildPhase section */
		6069CBAF2662332F009E522D /* Sources */ = {
			isa = PBXSourcesBuildPhase;
			buildActionMask = 2147483647;
			files = (
				6069CBC026623330009E522D /* Persistence.swift in Sources */,
				6069CBC326623330009E522D /* Todoy.xcdatamodeld in Sources */,
				6069CBB92662332F009E522D /* ContentView.swift in Sources */,
				6069CBB72662332F009E522D /* TodoyApp.swift in Sources */,
			);
			runOnlyForDeploymentPostprocessing = 0;
		};
/* End PBXSourcesBuildPhase section */

/* Begin XCBuildConfiguration section */
		6069CBC526623330009E522D /* Debug */ = {
			isa = XCBuildConfiguration;
			buildSettings = {
				ALWAYS_SEARCH_USER_PATHS = NO;
				CLANG_ANALYZER_NONNULL = YES;
				CLANG_ANALYZER_NUMBER_OBJECT_CONVERSION = YES_AGGRESSIVE;
				CLANG_CXX_LANGUAGE_STANDARD = "gnu++14";
				CLANG_CXX_LIBRARY = "libc++";
				CLANG_ENABLE_MODULES = YES;
				CLANG_ENABLE_OBJC_ARC = YES;
				CLANG_ENABLE_OBJC_WEAK = YES;
				CLANG_WARN_BLOCK_CAPTURE_AUTORELEASING = YES;
				CLANG_WARN_BOOL_CONVERSION = YES;
				CLANG_WARN_COMMA = YES;
				CLANG_WARN_CONSTANT_CONVERSION = YES;
				CLANG_WARN_DEPRECATED_OBJC_IMPLEMENTATIONS = YES;
				CLANG_WARN_DIRECT_OBJC_ISA_USAGE = YES_ERROR;
				CLANG_WARN_DOCUMENTATION_COMMENTS = YES;
				CLANG_WARN_EMPTY_BODY = YES;
				CLANG_WARN_ENUM_CONVERSION = YES;
				CLANG_WARN_INFINITE_RECURSION = YES;
				CLANG_WARN_INT_CONVERSION = YES;
				CLANG_WARN_NON_LITERAL_NULL_CONVERSION = YES;
				CLANG_WARN_OBJC_IMPLICIT_RETAIN_SELF = YES;
				CLANG_WARN_OBJC_LITERAL_CONVERSION = YES;
				CLANG_WARN_OBJC_ROOT_CLASS = YES_ERROR;
				CLANG_WARN_QUOTED_INCLUDE_IN_FRAMEWORK_HEADER = YES;
				CLANG_WARN_RANGE_LOOP_ANALYSIS = YES;
				CLANG_WARN_STRICT_PROTOTYPES = YES;
				CLANG_WARN_SUSPICIOUS_MOVE = YES;
				CLANG_WARN_UNGUARDED_AVAILABILITY = YES_AGGRESSIVE;
				CLANG_WARN_UNREACHABLE_CODE = YES;
				CLANG_WARN__DUPLICATE_METHOD_MATCH = YES;
				COPY_PHASE_STRIP = NO;
				DEBUG_INFORMATION_FORMAT = dwarf;
				ENABLE_STRICT_OBJC_MSGSEND = YES;
				ENABLE_TESTABILITY = YES;
				GCC_C_LANGUAGE_STANDARD = gnu11;
				GCC_DYNAMIC_NO_PIC = NO;
				GCC_NO_COMMON_BLOCKS = YES;
				GCC_OPTIMIZATION_LEVEL = 0;
				GCC_PREPROCESSOR_DEFINITIONS = (
					"DEBUG=1",
					"$(inherited)",
				);
				GCC_WARN_64_TO_32_BIT_CONVERSION = YES;
				GCC_WARN_ABOUT_RETURN_TYPE = YES_ERROR;
				GCC_WARN_UNDECLARED_SELECTOR = YES;
				GCC_WARN_UNINITIALIZED_AUTOS = YES_AGGRESSIVE;
				GCC_WARN_UNUSED_FUNCTION = YES;
				GCC_WARN_UNUSED_VARIABLE = YES;
				IPHONEOS_DEPLOYMENT_TARGET = 14.5;
				MTL_ENABLE_DEBUG_INFO = INCLUDE_SOURCE;
				MTL_FAST_MATH = YES;
				ONLY_ACTIVE_ARCH = YES;
				SDKROOT = iphoneos;
				SWIFT_ACTIVE_COMPILATION_CONDITIONS = DEBUG;
				SWIFT_OPTIMIZATION_LEVEL = "-Onone";
			};
			name = Debug;
		};
		6069CBC626623330009E522D /* Release */ = {
			isa = XCBuildConfiguration;
			buildSettings = {
				ALWAYS_SEARCH_USER_PATHS = NO;
				CLANG_ANALYZER_NONNULL = YES;
				CLANG_ANALYZER_NUMBER_OBJECT_CONVERSION = YES_AGGRESSIVE;
				CLANG_CXX_LANGUAGE_STANDARD = "gnu++14";
				CLANG_CXX_LIBRARY = "libc++";
				CLANG_ENABLE_MODULES = YES;
				CLANG_ENABLE_OBJC_ARC = YES;
				CLANG_ENABLE_OBJC_WEAK = YES;
				CLANG_WARN_BLOCK_CAPTURE_AUTORELEASING = YES;
				CLANG_WARN_BOOL_CONVERSION = YES;
				CLANG_WARN_COMMA = YES;
				CLANG_WARN_CONSTANT_CONVERSION = YES;
				CLANG_WARN_DEPRECATED_OBJC_IMPLEMENTATIONS = YES;
				CLANG_WARN_DIRECT_OBJC_ISA_USAGE = YES_ERROR;
				CLANG_WARN_DOCUMENTATION_COMMENTS = YES;
				CLANG_WARN_EMPTY_BODY = YES;
				CLANG_WARN_ENUM_CONVERSION = YES;
				CLANG_WARN_INFINITE_RECURSION = YES;
				CLANG_WARN_INT_CONVERSION = YES;
				CLANG_WARN_NON_LITERAL_NULL_CONVERSION = YES;
				CLANG_WARN_OBJC_IMPLICIT_RETAIN_SELF = YES;
				CLANG_WARN_OBJC_LITERAL_CONVERSION = YES;
				CLANG_WARN_OBJC_ROOT_CLASS = YES_ERROR;
				CLANG_WARN_QUOTED_INCLUDE_IN_FRAMEWORK_HEADER = YES;
				CLANG_WARN_RANGE_LOOP_ANALYSIS = YES;
				CLANG_WARN_STRICT_PROTOTYPES = YES;
				CLANG_WARN_SUSPICIOUS_MOVE = YES;
				CLANG_WARN_UNGUARDED_AVAILABILITY = YES_AGGRESSIVE;
				CLANG_WARN_UNREACHABLE_CODE = YES;
				CLANG_WARN__DUPLICATE_METHOD_MATCH = YES;
				COPY_PHASE_STRIP = NO;
				DEBUG_INFORMATION_FORMAT = "dwarf-with-dsym";
				ENABLE_NS_ASSERTIONS = NO;
				ENABLE_STRICT_OBJC_MSGSEND = YES;
				GCC_C_LANGUAGE_STANDARD = gnu11;
				GCC_NO_COMMON_BLOCKS = YES;
				GCC_WARN_64_TO_32_BIT_CONVERSION = YES;
				GCC_WARN_ABOUT_RETURN_TYPE = YES_ERROR;
				GCC_WARN_UNDECLARED_SELECTOR = YES;
				GCC_WARN_UNINITIALIZED_AUTOS = YES_AGGRESSIVE;
				GCC_WARN_UNUSED_FUNCTION = YES;
				GCC_WARN_UNUSED_VARIABLE = YES;
				IPHONEOS_DEPLOYMENT_TARGET = 14.5;
				MTL_ENABLE_DEBUG_INFO = NO;
				MTL_FAST_MATH = YES;
				SDKROOT = iphoneos;
				SWIFT_COMPILATION_MODE = wholemodule;
				SWIFT_OPTIMIZATION_LEVEL = "-O";
				VALIDATE_PRODUCT = YES;
			};
			name = Release;
		};
		6069CBC826623330009E522D /* Debug */ = {
			isa = XCBuildConfiguration;
			buildSettings = {
				ASSETCATALOG_COMPILER_APPICON_NAME = AppIcon;
				ASSETCATALOG_COMPILER_GLOBAL_ACCENT_COLOR_NAME = AccentColor;
				CODE_SIGN_ENTITLEMENTS = Todoy/Todoy.entitlements;
				CODE_SIGN_STYLE = Automatic;
				DEVELOPMENT_ASSET_PATHS = "\"Todoy/Preview Content\"";
				DEVELOPMENT_TEAM = L94QTT73WH;
				ENABLE_PREVIEWS = YES;
				INFOPLIST_FILE = Todoy/Info.plist;
				IPHONEOS_DEPLOYMENT_TARGET = 14.0;
				LD_RUNPATH_SEARCH_PATHS = (
					"$(inherited)",
					"@executable_path/Frameworks",
				);
				PRODUCT_BUNDLE_IDENTIFIER = dev.utrpanic.Todoy;
				PRODUCT_NAME = "$(TARGET_NAME)";
				SUPPORTS_MACCATALYST = YES;
				SUPPORTS_MAC_DESIGNED_FOR_IPHONE_IPAD = NO;
				SWIFT_VERSION = 5.0;
				TARGETED_DEVICE_FAMILY = "1,2,6";
			};
			name = Debug;
		};
		6069CBC926623330009E522D /* Release */ = {
			isa = XCBuildConfiguration;
			buildSettings = {
				ASSETCATALOG_COMPILER_APPICON_NAME = AppIcon;
				ASSETCATALOG_COMPILER_GLOBAL_ACCENT_COLOR_NAME = AccentColor;
				CODE_SIGN_ENTITLEMENTS = Todoy/Todoy.entitlements;
				CODE_SIGN_STYLE = Automatic;
				DEVELOPMENT_ASSET_PATHS = "\"Todoy/Preview Content\"";
				DEVELOPMENT_TEAM = L94QTT73WH;
				ENABLE_PREVIEWS = YES;
				INFOPLIST_FILE = Todoy/Info.plist;
				IPHONEOS_DEPLOYMENT_TARGET = 14.0;
				LD_RUNPATH_SEARCH_PATHS = (
					"$(inherited)",
					"@executable_path/Frameworks",
				);
				PRODUCT_BUNDLE_IDENTIFIER = dev.utrpanic.Todoy;
				PRODUCT_NAME = "$(TARGET_NAME)";
				SUPPORTS_MACCATALYST = YES;
				SUPPORTS_MAC_DESIGNED_FOR_IPHONE_IPAD = NO;
				SWIFT_VERSION = 5.0;
				TARGETED_DEVICE_FAMILY = "1,2,6";
			};
			name = Release;
		};
/* End XCBuildConfiguration section */

/* Begin XCConfigurationList section */
		6069CBAE2662332F009E522D /* Build configuration list for PBXProject "Todoy" */ = {
			isa = XCConfigurationList;
			buildConfigurations = (
				6069CBC526623330009E522D /* Debug */,
				6069CBC626623330009E522D /* Release */,
			);
			defaultConfigurationIsVisible = 0;
			defaultConfigurationName = Release;
		};
		6069CBC726623330009E522D /* Build configuration list for PBXNativeTarget "Todoy" */ = {
			isa = XCConfigurationList;
			buildConfigurations = (
				6069CBC826623330009E522D /* Debug */,
				6069CBC926623330009E522D /* Release */,
			);
			defaultConfigurationIsVisible = 0;
			defaultConfigurationName = Release;
		};
/* End XCConfigurationList section */

/* Begin XCVersionGroup section */
		6069CBC126623330009E522D /* Todoy.xcdatamodeld */ = {
			isa = XCVersionGroup;
			children = (
				6069CBC226623330009E522D /* Todoy.xcdatamodel */,
			);
			currentVersion = 6069CBC226623330009E522D /* Todoy.xcdatamodel */;
			path = Todoy.xcdatamodeld;
			sourceTree = "<group>";
			versionGroupType = wrapper.xcdatamodel;
		};
/* End XCVersionGroup section */
	};
	rootObject = 6069CBAB2662332F009E522D /* Project object */;
}
